
Microsoft Visual Studio Solution File, Format Version 12.00
# Visual Studio Version 17
VisualStudioVersion = 17.5.33530.505
MinimumVisualStudioVersion = 10.0.40219.1
Project("{FAE04EC0-301F-11D3-BF4B-00C04F79EFBC}") = "Practice -Aggregation and Containment", "Practice -Aggregation and Containment.csproj", "{D1BCFD9F-9A20-44DC-B69A-9BC0D05ABB9B}"
EndProject
Global
	GlobalSection(SolutionConfigurationPlatforms) = preSolution
		Debug|Any CPU = Debug|Any CPU
		Release|Any CPU = Release|Any CPU
	EndGlobalSection
	GlobalSection(ProjectConfigurationPlatforms) = postSolution
		{D1BCFD9F-9A20-44DC-B69A-9BC0D05ABB9B}.Debug|Any CPU.ActiveCfg = Debug|Any CPU
		{D1BCFD9F-9A20-44DC-B69A-9BC0D05ABB9B}.Debug|Any CPU.Build.0 = Debug|Any CPU
		{D1BCFD9F-9A20-44DC-B69A-9BC0D05ABB9B}.Release|Any CPU.ActiveCfg = Release|Any CPU
		{D1BCFD9F-9A20-44DC-B69A-9BC0D05ABB9B}.Release|Any CPU.Build.0 = Release|Any CPU
	EndGlobalSection
	GlobalSection(SolutionProperties) = preSolution
		HideSolutionNode = FALSE
	EndGlobalSection
	GlobalSection(ExtensibilityGlobals) = postSolution
		SolutionGuid = {339081A4-D088-4863-B7EB-E12AFC980CF6}
	EndGlobalSection
EndGlobal
